{
  "name": "npm-workspaces-study",
  "version": "1.0.0",
  "lockfileVersion": 2,
  "requires": true,
  "packages": {
    "": {
      "name": "npm-workspaces-study",
      "version": "1.0.0",
      "license": "ISC",
      "workspaces": [
        "packages/*"
      ],
      "devDependencies": {
        "prettier": "^2.5.1"
      }
    },
    "node_modules/aaa": {
      "resolved": "packages/aaa",
      "link": true
    },
    "node_modules/bbb": {
      "resolved": "packages/bbb",
      "link": true
    },
    "node_modules/prettier": {
      "version": "2.5.1",
      "resolved": "https://registry.npmjs.org/prettier/-/prettier-2.5.1.tgz",
      "integrity": "sha512-vBZcPRUR5MZJwoyi3ZoyQlc1rXeEck8KgeC9AwwOn+exuxLxq5toTRDTSaVrXHxelDMHy9zlicw8u66yxoSUFg==",
      "dev": true,
      "bin": {
        "prettier": "bin-prettier.js"
      },
      "engines": {
        "node": ">=10.13.0"
      }
    },
    "packages/aaa": {
      "version": "1.0.0",
      "license": "ISC"
    },
    "packages/bbb": {
      "version": "1.0.0",
      "license": "ISC"
    }
  },
  "dependencies": {
    "aaa": {
      "version": "file:packages/aaa"
    },
    "bbb": {
      "version": "file:packages/bbb"
    },
    "prettier": {
      "version": "2.5.1",
      "resolved": "https://registry.npmjs.org/prettier/-/prettier-2.5.1.tgz",
      "integrity": "sha512-vBZcPRUR5MZJwoyi3ZoyQlc1rXeEck8KgeC9AwwOn+exuxLxq5toTRDTSaVrXHxelDMHy9zlicw8u66yxoSUFg==",
      "dev": true
    }
  }
}
